
Microsoft Visual Studio Solution File, Format Version 12.00
# Visual Studio Version 16
VisualStudioVersion = 16.0.31129.286
MinimumVisualStudioVersion = 10.0.40219.1
Project("{9A19103F-16F7-4668-BE54-9A1E7A4F7556}") = "ContinentalSkoleni", "ContinentalSkoleni\ContinentalSkoleni.csproj", "{50F9EE49-72B6-4810-8A6D-807D103ABD5E}"
EndProject
Project("{9A19103F-16F7-4668-BE54-9A1E7A4F7556}") = "RefactoringRate", "RefactoringRate\RefactoringRate.csproj", "{2DD61559-E234-492C-AE50-8ABC54E54954}"
EndProject
Project("{9A19103F-16F7-4668-BE54-9A1E7A4F7556}") = "ComplexConditions", "ComplexConditions\ComplexConditions.csproj", "{8D72D662-99CB-4430-AE22-0DB82C55F80F}"
EndProject
Project("{9A19103F-16F7-4668-BE54-9A1E7A4F7556}") = "InversionOfControlViaPolymorphism", "InversionOfControlViaPolymorphism\InversionOfControlViaPolymorphism.csproj", "{06F746A4-8A07-4BEF-9353-FB95C20A1425}"
EndProject
Project("{9A19103F-16F7-4668-BE54-9A1E7A4F7556}") = "EarlyValidation", "EarlyValidation\EarlyValidation.csproj", "{D5036E7C-7169-4951-BF9F-EEE564E01970}"
EndProject
Project("{9A19103F-16F7-4668-BE54-9A1E7A4F7556}") = "Inicialization", "Inicialization\Inicialization.csproj", "{FE958FA4-418B-4072-970B-66E6A66F60A3}"
EndProject
Project("{9A19103F-16F7-4668-BE54-9A1E7A4F7556}") = "Classes", "Classes\Classes.csproj", "{459D59C0-D1E9-4A4D-9750-D04329898311}"
EndProject
Project("{9A19103F-16F7-4668-BE54-9A1E7A4F7556}") = "Exceptions", "Exceptions\Exceptions.csproj", "{50128946-E540-469E-BC63-ABF87EAF32D7}"
EndProject
Project("{9A19103F-16F7-4668-BE54-9A1E7A4F7556}") = "Comments", "Comments\Comments.csproj", "{820655C7-5109-4392-B9FD-F451748BCC8D}"
EndProject
Project("{2150E333-8FDC-42A3-9474-1A3956D46DE8}") = "SOLID", "SOLID", "{CF9C2708-E640-4DE1-9F24-89FF1B419AE5}"
EndProject
Project("{9A19103F-16F7-4668-BE54-9A1E7A4F7556}") = "OpenClosePrinciple", "OpenClosePrinciple\OpenClosePrinciple.csproj", "{FC83ABBD-A7E0-44C8-A3EB-E4EDE2085DCA}"
EndProject
Project("{FAE04EC0-301F-11D3-BF4B-00C04F79EFBC}") = "DiC", "DiC\DiC.csproj", "{AC73766F-DBDD-4058-A1C0-8077FB5E23F0}"
EndProject
Project("{FAE04EC0-301F-11D3-BF4B-00C04F79EFBC}") = "SOLIDHelloWorld", "SOLIDHelloWorld\SOLIDHelloWorld.csproj", "{23652F85-B883-4406-9B17-69B6B361D88B}"
EndProject
Project("{2150E333-8FDC-42A3-9474-1A3956D46DE8}") = "Design Patterns", "Design Patterns", "{AB337050-F8B2-4D8E-8DDF-30487C39AD4C}"
EndProject
Project("{FAE04EC0-301F-11D3-BF4B-00C04F79EFBC}") = "Factory", "Factory\Factory.csproj", "{B9D2FAE0-2996-490D-9A49-DBEC933102C0}"
EndProject
Project("{FAE04EC0-301F-11D3-BF4B-00C04F79EFBC}") = "CarManufacturerExample", "CarManufacturerExample\CarManufacturerExample.csproj", "{9FFFC42D-5B93-46D7-97A2-348D828F5E6F}"
EndProject
Project("{2150E333-8FDC-42A3-9474-1A3956D46DE8}") = "Testing", "Testing", "{3689D277-3D63-48E4-8E1C-917FFBA7E26A}"
EndProject
Project("{9A19103F-16F7-4668-BE54-9A1E7A4F7556}") = "ValidatorApp", "ValidatorApp\ValidatorApp.csproj", "{852DC106-6237-4436-A9EF-AA9A3143C8A3}"
EndProject
Project("{9A19103F-16F7-4668-BE54-9A1E7A4F7556}") = "ValidatorLib", "ValidatorLib\ValidatorLib.csproj", "{06BA245D-F7B8-42C8-9E84-B4DCC57B4693}"
EndProject
Project("{9A19103F-16F7-4668-BE54-9A1E7A4F7556}") = "ValidatorLib.Tests", "ValidatorLib.Tests\ValidatorLib.Tests.csproj", "{9B71C37A-A91E-44AD-B9EA-73C450A33360}"
EndProject
Global
	GlobalSection(SolutionConfigurationPlatforms) = preSolution
		Debug|Any CPU = Debug|Any CPU
		Release|Any CPU = Release|Any CPU
	EndGlobalSection
	GlobalSection(ProjectConfigurationPlatforms) = postSolution
		{50F9EE49-72B6-4810-8A6D-807D103ABD5E}.Debug|Any CPU.ActiveCfg = Debug|Any CPU
		{50F9EE49-72B6-4810-8A6D-807D103ABD5E}.Debug|Any CPU.Build.0 = Debug|Any CPU
		{50F9EE49-72B6-4810-8A6D-807D103ABD5E}.Release|Any CPU.ActiveCfg = Release|Any CPU
		{50F9EE49-72B6-4810-8A6D-807D103ABD5E}.Release|Any CPU.Build.0 = Release|Any CPU
		{2DD61559-E234-492C-AE50-8ABC54E54954}.Debug|Any CPU.ActiveCfg = Debug|Any CPU
		{2DD61559-E234-492C-AE50-8ABC54E54954}.Debug|Any CPU.Build.0 = Debug|Any CPU
		{2DD61559-E234-492C-AE50-8ABC54E54954}.Release|Any CPU.ActiveCfg = Release|Any CPU
		{2DD61559-E234-492C-AE50-8ABC54E54954}.Release|Any CPU.Build.0 = Release|Any CPU
		{8D72D662-99CB-4430-AE22-0DB82C55F80F}.Debug|Any CPU.ActiveCfg = Debug|Any CPU
		{8D72D662-99CB-4430-AE22-0DB82C55F80F}.Debug|Any CPU.Build.0 = Debug|Any CPU
		{8D72D662-99CB-4430-AE22-0DB82C55F80F}.Release|Any CPU.ActiveCfg = Release|Any CPU
		{8D72D662-99CB-4430-AE22-0DB82C55F80F}.Release|Any CPU.Build.0 = Release|Any CPU
		{06F746A4-8A07-4BEF-9353-FB95C20A1425}.Debug|Any CPU.ActiveCfg = Debug|Any CPU
		{06F746A4-8A07-4BEF-9353-FB95C20A1425}.Debug|Any CPU.Build.0 = Debug|Any CPU
		{06F746A4-8A07-4BEF-9353-FB95C20A1425}.Release|Any CPU.ActiveCfg = Release|Any CPU
		{06F746A4-8A07-4BEF-9353-FB95C20A1425}.Release|Any CPU.Build.0 = Release|Any CPU
		{D5036E7C-7169-4951-BF9F-EEE564E01970}.Debug|Any CPU.ActiveCfg = Debug|Any CPU
		{D5036E7C-7169-4951-BF9F-EEE564E01970}.Debug|Any CPU.Build.0 = Debug|Any CPU
		{D5036E7C-7169-4951-BF9F-EEE564E01970}.Release|Any CPU.ActiveCfg = Release|Any CPU
		{D5036E7C-7169-4951-BF9F-EEE564E01970}.Release|Any CPU.Build.0 = Release|Any CPU
		{FE958FA4-418B-4072-970B-66E6A66F60A3}.Debug|Any CPU.ActiveCfg = Debug|Any CPU
		{FE958FA4-418B-4072-970B-66E6A66F60A3}.Debug|Any CPU.Build.0 = Debug|Any CPU
		{FE958FA4-418B-4072-970B-66E6A66F60A3}.Release|Any CPU.ActiveCfg = Release|Any CPU
		{FE958FA4-418B-4072-970B-66E6A66F60A3}.Release|Any CPU.Build.0 = Release|Any CPU
		{459D59C0-D1E9-4A4D-9750-D04329898311}.Debug|Any CPU.ActiveCfg = Debug|Any CPU
		{459D59C0-D1E9-4A4D-9750-D04329898311}.Debug|Any CPU.Build.0 = Debug|Any CPU
		{459D59C0-D1E9-4A4D-9750-D04329898311}.Release|Any CPU.ActiveCfg = Release|Any CPU
		{459D59C0-D1E9-4A4D-9750-D04329898311}.Release|Any CPU.Build.0 = Release|Any CPU
		{50128946-E540-469E-BC63-ABF87EAF32D7}.Debug|Any CPU.ActiveCfg = Debug|Any CPU
		{50128946-E540-469E-BC63-ABF87EAF32D7}.Debug|Any CPU.Build.0 = Debug|Any CPU
		{50128946-E540-469E-BC63-ABF87EAF32D7}.Release|Any CPU.ActiveCfg = Release|Any CPU
		{50128946-E540-469E-BC63-ABF87EAF32D7}.Release|Any CPU.Build.0 = Release|Any CPU
		{820655C7-5109-4392-B9FD-F451748BCC8D}.Debug|Any CPU.ActiveCfg = Debug|Any CPU
		{820655C7-5109-4392-B9FD-F451748BCC8D}.Debug|Any CPU.Build.0 = Debug|Any CPU
		{820655C7-5109-4392-B9FD-F451748BCC8D}.Release|Any CPU.ActiveCfg = Release|Any CPU
		{820655C7-5109-4392-B9FD-F451748BCC8D}.Release|Any CPU.Build.0 = Release|Any CPU
		{FC83ABBD-A7E0-44C8-A3EB-E4EDE2085DCA}.Debug|Any CPU.ActiveCfg = Debug|Any CPU
		{FC83ABBD-A7E0-44C8-A3EB-E4EDE2085DCA}.Debug|Any CPU.Build.0 = Debug|Any CPU
		{FC83ABBD-A7E0-44C8-A3EB-E4EDE2085DCA}.Release|Any CPU.ActiveCfg = Release|Any CPU
		{FC83ABBD-A7E0-44C8-A3EB-E4EDE2085DCA}.Release|Any CPU.Build.0 = Release|Any CPU
		{AC73766F-DBDD-4058-A1C0-8077FB5E23F0}.Debug|Any CPU.ActiveCfg = Debug|Any CPU
		{AC73766F-DBDD-4058-A1C0-8077FB5E23F0}.Debug|Any CPU.Build.0 = Debug|Any CPU
		{AC73766F-DBDD-4058-A1C0-8077FB5E23F0}.Release|Any CPU.ActiveCfg = Release|Any CPU
		{AC73766F-DBDD-4058-A1C0-8077FB5E23F0}.Release|Any CPU.Build.0 = Release|Any CPU
		{23652F85-B883-4406-9B17-69B6B361D88B}.Debug|Any CPU.ActiveCfg = Debug|Any CPU
		{23652F85-B883-4406-9B17-69B6B361D88B}.Debug|Any CPU.Build.0 = Debug|Any CPU
		{23652F85-B883-4406-9B17-69B6B361D88B}.Release|Any CPU.ActiveCfg = Release|Any CPU
		{23652F85-B883-4406-9B17-69B6B361D88B}.Release|Any CPU.Build.0 = Release|Any CPU
		{B9D2FAE0-2996-490D-9A49-DBEC933102C0}.Debug|Any CPU.ActiveCfg = Debug|Any CPU
		{B9D2FAE0-2996-490D-9A49-DBEC933102C0}.Debug|Any CPU.Build.0 = Debug|Any CPU
		{B9D2FAE0-2996-490D-9A49-DBEC933102C0}.Release|Any CPU.ActiveCfg = Release|Any CPU
		{B9D2FAE0-2996-490D-9A49-DBEC933102C0}.Release|Any CPU.Build.0 = Release|Any CPU
		{9FFFC42D-5B93-46D7-97A2-348D828F5E6F}.Debug|Any CPU.ActiveCfg = Debug|Any CPU
		{9FFFC42D-5B93-46D7-97A2-348D828F5E6F}.Debug|Any CPU.Build.0 = Debug|Any CPU
		{9FFFC42D-5B93-46D7-97A2-348D828F5E6F}.Release|Any CPU.ActiveCfg = Release|Any CPU
		{9FFFC42D-5B93-46D7-97A2-348D828F5E6F}.Release|Any CPU.Build.0 = Release|Any CPU
		{852DC106-6237-4436-A9EF-AA9A3143C8A3}.Debug|Any CPU.ActiveCfg = Debug|Any CPU
		{852DC106-6237-4436-A9EF-AA9A3143C8A3}.Debug|Any CPU.Build.0 = Debug|Any CPU
		{852DC106-6237-4436-A9EF-AA9A3143C8A3}.Release|Any CPU.ActiveCfg = Release|Any CPU
		{852DC106-6237-4436-A9EF-AA9A3143C8A3}.Release|Any CPU.Build.0 = Release|Any CPU
		{06BA245D-F7B8-42C8-9E84-B4DCC57B4693}.Debug|Any CPU.ActiveCfg = Debug|Any CPU
		{06BA245D-F7B8-42C8-9E84-B4DCC57B4693}.Debug|Any CPU.Build.0 = Debug|Any CPU
		{06BA245D-F7B8-42C8-9E84-B4DCC57B4693}.Release|Any CPU.ActiveCfg = Release|Any CPU
		{06BA245D-F7B8-42C8-9E84-B4DCC57B4693}.Release|Any CPU.Build.0 = Release|Any CPU
		{9B71C37A-A91E-44AD-B9EA-73C450A33360}.Debug|Any CPU.ActiveCfg = Debug|Any CPU
		{9B71C37A-A91E-44AD-B9EA-73C450A33360}.Debug|Any CPU.Build.0 = Debug|Any CPU
		{9B71C37A-A91E-44AD-B9EA-73C450A33360}.Release|Any CPU.ActiveCfg = Release|Any CPU
		{9B71C37A-A91E-44AD-B9EA-73C450A33360}.Release|Any CPU.Build.0 = Release|Any CPU
	EndGlobalSection
	GlobalSection(SolutionProperties) = preSolution
		HideSolutionNode = FALSE
	EndGlobalSection
	GlobalSection(NestedProjects) = preSolution
		{FC83ABBD-A7E0-44C8-A3EB-E4EDE2085DCA} = {CF9C2708-E640-4DE1-9F24-89FF1B419AE5}
		{AC73766F-DBDD-4058-A1C0-8077FB5E23F0} = {CF9C2708-E640-4DE1-9F24-89FF1B419AE5}
		{23652F85-B883-4406-9B17-69B6B361D88B} = {CF9C2708-E640-4DE1-9F24-89FF1B419AE5}
		{B9D2FAE0-2996-490D-9A49-DBEC933102C0} = {AB337050-F8B2-4D8E-8DDF-30487C39AD4C}
		{9FFFC42D-5B93-46D7-97A2-348D828F5E6F} = {AB337050-F8B2-4D8E-8DDF-30487C39AD4C}
		{852DC106-6237-4436-A9EF-AA9A3143C8A3} = {3689D277-3D63-48E4-8E1C-917FFBA7E26A}
		{06BA245D-F7B8-42C8-9E84-B4DCC57B4693} = {3689D277-3D63-48E4-8E1C-917FFBA7E26A}
		{9B71C37A-A91E-44AD-B9EA-73C450A33360} = {3689D277-3D63-48E4-8E1C-917FFBA7E26A}
	EndGlobalSection
	GlobalSection(ExtensibilityGlobals) = postSolution
		SolutionGuid = {F80732FD-E1D7-4640-8D8E-C27A03AD3ABF}
	EndGlobalSection
EndGlobal
